
Microsoft Visual Studio Solution File, Format Version 12.00
# Visual Studio Version 17
VisualStudioVersion = 17.1.32421.90
MinimumVisualStudioVersion = 10.0.40219.1
Project("{FAE04EC0-301F-11D3-BF4B-00C04F79EFBC}") = "BlazorApp1", "BlazorApp1\BlazorApp1.csproj", "{659600C0-6029-43B3-B423-D246245CC53B}"
EndProject
Global
	GlobalSection(SolutionConfigurationPlatforms) = preSolution
		Debug|Any CPU = Debug|Any CPU
		Release|Any CPU = Release|Any CPU
	EndGlobalSection
	GlobalSection(ProjectConfigurationPlatforms) = postSolution
		{659600C0-6029-43B3-B423-D246245CC53B}.Debug|Any CPU.ActiveCfg = Debug|Any CPU
		{659600C0-6029-43B3-B423-D246245CC53B}.Debug|Any CPU.Build.0 = Debug|Any CPU
		{659600C0-6029-43B3-B423-D246245CC53B}.Release|Any CPU.ActiveCfg = Release|Any CPU
		{659600C0-6029-43B3-B423-D246245CC53B}.Release|Any CPU.Build.0 = Release|Any CPU
	EndGlobalSection
	GlobalSection(SolutionProperties) = preSolution
		HideSolutionNode = FALSE
	EndGlobalSection
	GlobalSection(ExtensibilityGlobals) = postSolution
		SolutionGuid = {E183A8A0-6DF2-4184-9936-FD3627DD1C15}
	EndGlobalSection
EndGlobal
